<?xml version="1.0" encoding="utf-8"?>
<Project ToolsVersion="4.0" xmlns="http://schemas.microsoft.com/developer/msbuild/2003">
  <ItemGroup>
    <Filter Include="src">
      <UniqueIdentifier>{4FC737F1-C7A5-4376-A066-2A32D752A2FF}</UniqueIdentifier>
      <Extensions>cpp;c;cc;cxx;def;odl;idl;hpj;bat;asm;asmx</Extensions>
    </Filter>
  </ItemGroup>
  <ItemGroup>
    <Image Include="editor.ico" />
    <Image Include="editor_small.ico" />
  </ItemGroup>
  <ItemGroup>
    <ClCompile Include="src\main.cpp">
      <Filter>src</Filter>
    </ClCompile>
    <ClCompile Include="src\editor.cpp">
      <Filter>src</Filter>
    </ClCompile>
    <ClCompile Include="src\imgui_impl_dx11.cpp">
      <Filter>src</Filter>
    </ClCompile>
    <ClCompile Include="src\project.cpp">
      <Filter>src</Filter>
    </ClCompile>
    <ClCompile Include="src\assets_manager.cpp">
      <Filter>src</Filter>
    </ClCompile>
    <ClCompile Include="src\world.cpp">
      <Filter>src</Filter>
    </ClCompile>
    <ClCompile Include="src\object_instance.cpp">
      <Filter>src</Filter>
    </ClCompile>
    <ClCompile Include="src\asset_loaders.cpp">
      <Filter>src</Filter>
    </ClCompile>
    <ClCompile Include="src\msh\operations.cpp">
      <Filter>src</Filter>
    </ClCompile>
    <ClCompile Include="src\msh\scene.cpp">
      <Filter>src</Filter>
    </ClCompile>
    <ClCompile Include="src\msh\load.cpp">
      <Filter>src</Filter>
    </ClCompile>
    <ClCompile Include="src\geom\procedural.cpp">
      <Filter>src</Filter>
    </ClCompile>
    <ClCompile Include="src\msh\consolidator.cpp">
      <Filter>src</Filter>
    </ClCompile>
    <ClCompile Include="src\model.cpp">
      <Filter>src</Filter>
    </ClCompile>
  </ItemGroup>
  <ItemGroup>
    <ResourceCompile Include="src\icons.rc">
      <Filter>src</Filter>
    </ResourceCompile>
  </ItemGroup>
  <ItemGroup>
    <ClInclude Include="src\icon_resources.h">
      <Filter>src</Filter>
    </ClInclude>
    <ClInclude Include="src\editor.hpp">
      <Filter>src</Filter>
    </ClInclude>
    <ClInclude Include="src\world.hpp">
      <Filter>src</Filter>
    </ClInclude>
    <ClInclude Include="src\object_instance.hpp">
      <Filter>src</Filter>
    </ClInclude>
    <ClInclude Include="src\assets_manager.hpp">
      <Filter>src</Filter>
    </ClInclude>
    <ClInclude Include="src\material.hpp">
      <Filter>src</Filter>
    </ClInclude>
    <ClInclude Include="src\model.hpp">
      <Filter>src</Filter>
    </ClInclude>
    <ClInclude Include="src\imgui_impl_dx11.h">
      <Filter>src</Filter>
    </ClInclude>
    <ClInclude Include="src\project.hpp">
      <Filter>src</Filter>
    </ClInclude>
    <ClInclude Include="src\aa_bbox.hpp">
      <Filter>src</Filter>
    </ClInclude>
    <ClInclude Include="src\asset_loaders.hpp">
      <Filter>src</Filter>
    </ClInclude>
    <ClInclude Include="src\msh\operations.hpp">
      <Filter>src</Filter>
    </ClInclude>
    <ClInclude Include="src\msh\scene.hpp" />
    <ClInclude Include="src\msh\load.hpp">
      <Filter>src</Filter>
    </ClInclude>
    <ClInclude Include="src\msh\iterator.hpp" />
    <ClInclude Include="src\geom\procedural.hpp" />
    <ClInclude Include="src\geom\unwrap.hpp" />
    <ClInclude Include="src\msh\consolidator.hpp" />
  </ItemGroup>
</Project>